
Microsoft Visual Studio Solution File, Format Version 12.00
Project("{FAE04EC0-301F-11D3-BF4B-00C04F79EFBC}") = "Converter.CLI", "Converter.CLI\Converter.CLI.csproj", "{23223DA1-BA99-48E7-A74D-EA5EF276B433}"
EndProject
Project("{FAE04EC0-301F-11D3-BF4B-00C04F79EFBC}") = "Converter.DAL", "Converter.DAL\Converter.DAL.csproj", "{1AD3C78C-ED6B-4713-94BA-9511EFB49F57}"
EndProject
Project("{FAE04EC0-301F-11D3-BF4B-00C04F79EFBC}") = "Converter.CORE", "Converter.CORE\Converter.CORE.csproj", "{BFA74D95-20B6-4C90-96E6-2799388337FC}"
EndProject
Global
	GlobalSection(SolutionConfigurationPlatforms) = preSolution
		Debug|Any CPU = Debug|Any CPU
		Release|Any CPU = Release|Any CPU
	EndGlobalSection
	GlobalSection(ProjectConfigurationPlatforms) = postSolution
		{23223DA1-BA99-48E7-A74D-EA5EF276B433}.Debug|Any CPU.ActiveCfg = Debug|Any CPU
		{23223DA1-BA99-48E7-A74D-EA5EF276B433}.Debug|Any CPU.Build.0 = Debug|Any CPU
		{23223DA1-BA99-48E7-A74D-EA5EF276B433}.Release|Any CPU.ActiveCfg = Release|Any CPU
		{23223DA1-BA99-48E7-A74D-EA5EF276B433}.Release|Any CPU.Build.0 = Release|Any CPU
		{1AD3C78C-ED6B-4713-94BA-9511EFB49F57}.Debug|Any CPU.ActiveCfg = Debug|Any CPU
		{1AD3C78C-ED6B-4713-94BA-9511EFB49F57}.Debug|Any CPU.Build.0 = Debug|Any CPU
		{1AD3C78C-ED6B-4713-94BA-9511EFB49F57}.Release|Any CPU.ActiveCfg = Release|Any CPU
		{1AD3C78C-ED6B-4713-94BA-9511EFB49F57}.Release|Any CPU.Build.0 = Release|Any CPU
		{BFA74D95-20B6-4C90-96E6-2799388337FC}.Debug|Any CPU.ActiveCfg = Debug|Any CPU
		{BFA74D95-20B6-4C90-96E6-2799388337FC}.Debug|Any CPU.Build.0 = Debug|Any CPU
		{BFA74D95-20B6-4C90-96E6-2799388337FC}.Release|Any CPU.ActiveCfg = Release|Any CPU
		{BFA74D95-20B6-4C90-96E6-2799388337FC}.Release|Any CPU.Build.0 = Release|Any CPU
	EndGlobalSection
EndGlobal
